{
  "nodes": {
    "nixpkgs": {
      "locked": {
        "lastModified": 1770137336,
        "narHash": "sha256-r4L0Tcik8oimSsRftfLCdRAOXRS9bkpyCooM6Ht6hXY=",
        "owner": "NixOS",
        "repo": "nixpkgs",
        "rev": "00a2a6afcb890a9b27dfc732c1ac51574ad99c3f",
        "type": "github"
      },
      "original": {
        "owner": "NixOS",
        "repo": "nixpkgs",
        "type": "github"
      }
    },
    "root": {
      "inputs": {
        "nixpkgs": "nixpkgs"
      }
    }
  },
  "root": "root",
  "version": 7
}
