{
  "nodes": {
    "nixpkgs": {
      "locked": {
        "lastModified": 1758465579,
        "narHash": "sha256-RmByhLwnuF73clHcdzIalTjjhN9YV/hZ3MY4vMQ5Brk=",
        "owner": "nixos",
        "repo": "nixpkgs",
        "rev": "2bb4218e1e25df83bf9db0a71aeedad09b684659",
        "type": "github"
      },
      "original": {
        "owner": "nixos",
        "ref": "release-25.05",
        "repo": "nixpkgs",
        "type": "github"
      }
    },
    "root": {
      "inputs": {
        "nixpkgs": "nixpkgs"
      }
    }
  },
  "root": "root",
  "version": 7
}
